// !$*UTF8*$!
{
	archiveVersion = 1;
	classes = {
	};
	objectVersion = 46;
	objects = {

/* Begin PBXBuildFile section */
		00D0C8D71B67DFEC00823D22 /* AppDelegate.swift in Sources */ = {isa = PBXBuildFile; fileRef = 00D0C8D61B67DFEC00823D22 /* AppDelegate.swift */; };
		00D0C8D91B67DFEC00823D22 /* ViewController.swift in Sources */ = {isa = PBXBuildFile; fileRef = 00D0C8D81B67DFEC00823D22 /* ViewController.swift */; };
		00D0C8DC1B67DFEC00823D22 /* Main.storyboard in Resources */ = {isa = PBXBuildFile; fileRef = 00D0C8DA1B67DFEC00823D22 /* Main.storyboard */; };
		00D0C8DE1B67DFEC00823D22 /* Images.xcassets in Resources */ = {isa = PBXBuildFile; fileRef = 00D0C8DD1B67DFEC00823D22 /* Images.xcassets */; };
		00D0C8E11B67DFEC00823D22 /* LaunchScreen.xib in Resources */ = {isa = PBXBuildFile; fileRef = 00D0C8DF1B67DFEC00823D22 /* LaunchScreen.xib */; };
		00D0C8ED1B67DFEC00823D22 /* knapsackTests.swift in Sources */ = {isa = PBXBuildFile; fileRef = 00D0C8EC1B67DFEC00823D22 /* knapsackTests.swift */; };
/* End PBXBuildFile section */

/* Begin PBXContainerItemProxy section */
		00D0C8E71B67DFEC00823D22 /* PBXContainerItemProxy */ = {
			isa = PBXContainerItemProxy;
			containerPortal = 00D0C8C91B67DFEC00823D22 /* Project object */;
			proxyType = 1;
			remoteGlobalIDString = 00D0C8D01B67DFEC00823D22;
			remoteInfo = knapsack;
		};
/* End PBXContainerItemProxy section */

/* Begin PBXFileReference section */
		00D0C8D11B67DFEC00823D22 /* knapsack.app */ = {isa = PBXFileReference; explicitFileType = wrapper.application; includeInIndex = 0; path = knapsack.app; sourceTree = BUILT_PRODUCTS_DIR; };
		00D0C8D51B67DFEC00823D22 /* Info.plist */ = {isa = PBXFileReference; lastKnownFileType = text.plist.xml; path = Info.plist; sourceTree = "<group>"; };
		00D0C8D61B67DFEC00823D22 /* AppDelegate.swift */ = {isa = PBXFileReference; lastKnownFileType = sourcecode.swift; path = AppDelegate.swift; sourceTree = "<group>"; };
		00D0C8D81B67DFEC00823D22 /* ViewController.swift */ = {isa = PBXFileReference; lastKnownFileType = sourcecode.swift; path = ViewController.swift; sourceTree = "<group>"; };
		00D0C8DB1B67DFEC00823D22 /* Base */ = {isa = PBXFileReference; lastKnownFileType = file.storyboard; name = Base; path = Base.lproj/Main.storyboard; sourceTree = "<group>"; };
		00D0C8DD1B67DFEC00823D22 /* Images.xcassets */ = {isa = PBXFileReference; lastKnownFileType = folder.assetcatalog; path = Images.xcassets; sourceTree = "<group>"; };
		00D0C8E01B67DFEC00823D22 /* Base */ = {isa = PBXFileReference; lastKnownFileType = file.xib; name = Base; path = Base.lproj/LaunchScreen.xib; sourceTree = "<group>"; };
		00D0C8E61B67DFEC00823D22 /* knapsackTests.xctest */ = {isa = PBXFileReference; explicitFileType = wrapper.cfbundle; includeInIndex = 0; path = knapsackTests.xctest; sourceTree = BUILT_PRODUCTS_DIR; };
		00D0C8EB1B67DFEC00823D22 /* Info.plist */ = {isa = PBXFileReference; lastKnownFileType = text.plist.xml; path = Info.plist; sourceTree = "<group>"; };
		00D0C8EC1B67DFEC00823D22 /* knapsackTests.swift */ = {isa = PBXFileReference; lastKnownFileType = sourcecode.swift; path = knapsackTests.swift; sourceTree = "<group>"; };
/* End PBXFileReference section */

/* Begin PBXFrameworksBuildPhase section */
		00D0C8CE1B67DFEC00823D22 /* Frameworks */ = {
			isa = PBXFrameworksBuildPhase;
			buildActionMask = 2147483647;
			files = (
			);
			runOnlyForDeploymentPostprocessing = 0;
		};
		00D0C8E31B67DFEC00823D22 /* Frameworks */ = {
			isa = PBXFrameworksBuildPhase;
			buildActionMask = 2147483647;
			files = (
			);
			runOnlyForDeploymentPostprocessing = 0;
		};
/* End PBXFrameworksBuildPhase section */

/* Begin PBXGroup section */
		00D0C8C81B67DFEC00823D22 = {
			isa = PBXGroup;
			children = (
				00D0C8D31B67DFEC00823D22 /* knapsack */,
				00D0C8E91B67DFEC00823D22 /* knapsackTests */,
				00D0C8D21B67DFEC00823D22 /* Products */,
			);
			sourceTree = "<group>";
		};
		00D0C8D21B67DFEC00823D22 /* Products */ = {
			isa = PBXGroup;
			children = (
				00D0C8D11B67DFEC00823D22 /* knapsack.app */,
				00D0C8E61B67DFEC00823D22 /* knapsackTests.xctest */,
			);
			name = Products;
			sourceTree = "<group>";
		};
		00D0C8D31B67DFEC00823D22 /* knapsack */ = {
			isa = PBXGroup;
			children = (
				00D0C8D61B67DFEC00823D22 /* AppDelegate.swift */,
				00D0C8D81B67DFEC00823D22 /* ViewController.swift */,
				00D0C8DA1B67DFEC00823D22 /* Main.storyboard */,
				00D0C8DD1B67DFEC00823D22 /* Images.xcassets */,
				00D0C8DF1B67DFEC00823D22 /* LaunchScreen.xib */,
				00D0C8D41B67DFEC00823D22 /* Supporting Files */,
			);
			path = knapsack;
			sourceTree = "<group>";
		};
		00D0C8D41B67DFEC00823D22 /* Supporting Files */ = {
			isa = PBXGroup;
			children = (
				00D0C8D51B67DFEC00823D22 /* Info.plist */,
			);
			name = "Supporting Files";
			sourceTree = "<group>";
		};
		00D0C8E91B67DFEC00823D22 /* knapsackTests */ = {
			isa = PBXGroup;
			children = (
				00D0C8EC1B67DFEC00823D22 /* knapsackTests.swift */,
				00D0C8EA1B67DFEC00823D22 /* Supporting Files */,
			);
			path = knapsackTests;
			sourceTree = "<group>";
		};
		00D0C8EA1B67DFEC00823D22 /* Supporting Files */ = {
			isa = PBXGroup;
			children = (
				00D0C8EB1B67DFEC00823D22 /* Info.plist */,
			);
			name = "Supporting Files";
			sourceTree = "<group>";
		};
/* End PBXGroup section */

/* Begin PBXNativeTarget section */
		00D0C8D01B67DFEC00823D22 /* knapsack */ = {
			isa = PBXNativeTarget;
			buildConfigurationList = 00D0C8F01B67DFEC00823D22 /* Build configuration list for PBXNativeTarget "knapsack" */;
			buildPhases = (
				00D0C8CD1B67DFEC00823D22 /* Sources */,
				00D0C8CE1B67DFEC00823D22 /* Frameworks */,
				00D0C8CF1B67DFEC00823D22 /* Resources */,
			);
			buildRules = (
			);
			dependencies = (
			);
			name = knapsack;
			productName = knapsack;
			productReference = 00D0C8D11B67DFEC00823D22 /* knapsack.app */;
			productType = "com.apple.product-type.application";
		};
		00D0C8E51B67DFEC00823D22 /* knapsackTests */ = {
			isa = PBXNativeTarget;
			buildConfigurationList = 00D0C8F31B67DFEC00823D22 /* Build configuration list for PBXNativeTarget "knapsackTests" */;
			buildPhases = (
				00D0C8E21B67DFEC00823D22 /* Sources */,
				00D0C8E31B67DFEC00823D22 /* Frameworks */,
				00D0C8E41B67DFEC00823D22 /* Resources */,
			);
			buildRules = (
			);
			dependencies = (
				00D0C8E81B67DFEC00823D22 /* PBXTargetDependency */,
			);
			name = knapsackTests;
			productName = knapsackTests;
			productReference = 00D0C8E61B67DFEC00823D22 /* knapsackTests.xctest */;
			productType = "com.apple.product-type.bundle.unit-test";
		};
/* End PBXNativeTarget section */

/* Begin PBXProject section */
		00D0C8C91B67DFEC00823D22 /* Project object */ = {
			isa = PBXProject;
			attributes = {
				LastUpgradeCheck = 0640;
				ORGANIZATIONNAME = diligentagility;
				TargetAttributes = {
					00D0C8D01B67DFEC00823D22 = {
						CreatedOnToolsVersion = 6.4;
					};
					00D0C8E51B67DFEC00823D22 = {
						CreatedOnToolsVersion = 6.4;
						TestTargetID = 00D0C8D01B67DFEC00823D22;
					};
				};
			};
			buildConfigurationList = 00D0C8CC1B67DFEC00823D22 /* Build configuration list for PBXProject "knapsack" */;
			compatibilityVersion = "Xcode 3.2";
			developmentRegion = English;
			hasScannedForEncodings = 0;
			knownRegions = (
				en,
				Base,
			);
			mainGroup = 00D0C8C81B67DFEC00823D22;
			productRefGroup = 00D0C8D21B67DFEC00823D22 /* Products */;
			projectDirPath = "";
			projectRoot = "";
			targets = (
				00D0C8D01B67DFEC00823D22 /* knapsack */,
				00D0C8E51B67DFEC00823D22 /* knapsackTests */,
			);
		};
/* End PBXProject section */

/* Begin PBXResourcesBuildPhase section */
		00D0C8CF1B67DFEC00823D22 /* Resources */ = {
			isa = PBXResourcesBuildPhase;
			buildActionMask = 2147483647;
			files = (
				00D0C8DC1B67DFEC00823D22 /* Main.storyboard in Resources */,
				00D0C8E11B67DFEC00823D22 /* LaunchScreen.xib in Resources */,
				00D0C8DE1B67DFEC00823D22 /* Images.xcassets in Resources */,
			);
			runOnlyForDeploymentPostprocessing = 0;
		};
		00D0C8E41B67DFEC00823D22 /* Resources */ = {
			isa = PBXResourcesBuildPhase;
			buildActionMask = 2147483647;
			files = (
			);
			runOnlyForDeploymentPostprocessing = 0;
		};
/* End PBXResourcesBuildPhase section */

/* Begin PBXSourcesBuildPhase section */
		00D0C8CD1B67DFEC00823D22 /* Sources */ = {
			isa = PBXSourcesBuildPhase;
			buildActionMask = 2147483647;
			files = (
				00D0C8D91B67DFEC00823D22 /* ViewController.swift in Sources */,
				00D0C8D71B67DFEC00823D22 /* AppDelegate.swift in Sources */,
			);
			runOnlyForDeploymentPostprocessing = 0;
		};
		00D0C8E21B67DFEC00823D22 /* Sources */ = {
			isa = PBXSourcesBuildPhase;
			buildActionMask = 2147483647;
			files = (
				00D0C8ED1B67DFEC00823D22 /* knapsackTests.swift in Sources */,
			);
			runOnlyForDeploymentPostprocessing = 0;
		};
/* End PBXSourcesBuildPhase section */

/* Begin PBXTargetDependency section */
		00D0C8E81B67DFEC00823D22 /* PBXTargetDependency */ = {
			isa = PBXTargetDependency;
			target = 00D0C8D01B67DFEC00823D22 /* knapsack */;
			targetProxy = 00D0C8E71B67DFEC00823D22 /* PBXContainerItemProxy */;
		};
/* End PBXTargetDependency section */

/* Begin PBXVariantGroup section */
		00D0C8DA1B67DFEC00823D22 /* Main.storyboard */ = {
			isa = PBXVariantGroup;
			children = (
				00D0C8DB1B67DFEC00823D22 /* Base */,
			);
			name = Main.storyboard;
			sourceTree = "<group>";
		};
		00D0C8DF1B67DFEC00823D22 /* LaunchScreen.xib */ = {
			isa = PBXVariantGroup;
			children = (
				00D0C8E01B67DFEC00823D22 /* Base */,
			);
			name = LaunchScreen.xib;
			sourceTree = "<group>";
		};
/* End PBXVariantGroup section */

/* Begin XCBuildConfiguration section */
		00D0C8EE1B67DFEC00823D22 /* Debug */ = {
			isa = XCBuildConfiguration;
			buildSettings = {
				ALWAYS_SEARCH_USER_PATHS = NO;
				CLANG_CXX_LANGUAGE_STANDARD = "gnu++0x";
				CLANG_CXX_LIBRARY = "libc++";
				CLANG_ENABLE_MODULES = YES;
				CLANG_ENABLE_OBJC_ARC = YES;
				CLANG_WARN_BOOL_CONVERSION = YES;
				CLANG_WARN_CONSTANT_CONVERSION = YES;
				CLANG_WARN_DIRECT_OBJC_ISA_USAGE = YES_ERROR;
				CLANG_WARN_EMPTY_BODY = YES;
				CLANG_WARN_ENUM_CONVERSION = YES;
				CLANG_WARN_INT_CONVERSION = YES;
				CLANG_WARN_OBJC_ROOT_CLASS = YES_ERROR;
				CLANG_WARN_UNREACHABLE_CODE = YES;
				CLANG_WARN__DUPLICATE_METHOD_MATCH = YES;
				"CODE_SIGN_IDENTITY[sdk=iphoneos*]" = "iPhone Developer";
				COPY_PHASE_STRIP = NO;
				DEBUG_INFORMATION_FORMAT = "dwarf-with-dsym";
				ENABLE_STRICT_OBJC_MSGSEND = YES;
				GCC_C_LANGUAGE_STANDARD = gnu99;
				GCC_DYNAMIC_NO_PIC = NO;
				GCC_NO_COMMON_BLOCKS = YES;
				GCC_OPTIMIZATION_LEVEL = 0;
				GCC_PREPROCESSOR_DEFINITIONS = (
					"DEBUG=1",
					"$(inherited)",
				);
				GCC_SYMBOLS_PRIVATE_EXTERN = NO;
				GCC_WARN_64_TO_32_BIT_CONVERSION = YES;
				GCC_WARN_ABOUT_RETURN_TYPE = YES_ERROR;
				GCC_WARN_UNDECLARED_SELECTOR = YES;
				GCC_WARN_UNINITIALIZED_AUTOS = YES_AGGRESSIVE;
				GCC_WARN_UNUSED_FUNCTION = YES;
				GCC_WARN_UNUSED_VARIABLE = YES;
				IPHONEOS_DEPLOYMENT_TARGET = 8.4;
				MTL_ENABLE_DEBUG_INFO = YES;
				ONLY_ACTIVE_ARCH = YES;
				SDKROOT = iphoneos;
				SWIFT_OPTIMIZATION_LEVEL = "-Onone";
			};
			name = Debug;
		};
		00D0C8EF1B67DFEC00823D22 /* Release */ = {
			isa = XCBuildConfiguration;
			buildSettings = {
				ALWAYS_SEARCH_USER_PATHS = NO;
				CLANG_CXX_LANGUAGE_STANDARD = "gnu++0x";
				CLANG_CXX_LIBRARY = "libc++";
				CLANG_ENABLE_MODULES = YES;
				CLANG_ENABLE_OBJC_ARC = YES;
				CLANG_WARN_BOOL_CONVERSION = YES;
				CLANG_WARN_CONSTANT_CONVERSION = YES;
				CLANG_WARN_DIRECT_OBJC_ISA_USAGE = YES_ERROR;
				CLANG_WARN_EMPTY_BODY = YES;
				CLANG_WARN_ENUM_CONVERSION = YES;
				CLANG_WARN_INT_CONVERSION = YES;
				CLANG_WARN_OBJC_ROOT_CLASS = YES_ERROR;
				CLANG_WARN_UNREACHABLE_CODE = YES;
				CLANG_WARN__DUPLICATE_METHOD_MATCH = YES;
				"CODE_SIGN_IDENTITY[sdk=iphoneos*]" = "iPhone Developer";
				COPY_PHASE_STRIP = NO;
				DEBUG_INFORMATION_FORMAT = "dwarf-with-dsym";
				ENABLE_NS_ASSERTIONS = NO;
				ENABLE_STRICT_OBJC_MSGSEND = YES;
				GCC_C_LANGUAGE_STANDARD = gnu99;
				GCC_NO_COMMON_BLOCKS = YES;
				GCC_WARN_64_TO_32_BIT_CONVERSION = YES;
				GCC_WARN_ABOUT_RETURN_TYPE = YES_ERROR;
				GCC_WARN_UNDECLARED_SELECTOR = YES;
				GCC_WARN_UNINITIALIZED_AUTOS = YES_AGGRESSIVE;
				GCC_WARN_UNUSED_FUNCTION = YES;
				GCC_WARN_UNUSED_VARIABLE = YES;
				IPHONEOS_DEPLOYMENT_TARGET = 8.4;
				MTL_ENABLE_DEBUG_INFO = NO;
				SDKROOT = iphoneos;
				VALIDATE_PRODUCT = YES;
			};
			name = Release;
		};
		00D0C8F11B67DFEC00823D22 /* Debug */ = {
			isa = XCBuildConfiguration;
			buildSettings = {
				ASSETCATALOG_COMPILER_APPICON_NAME = AppIcon;
				INFOPLIST_FILE = knapsack/Info.plist;
				LD_RUNPATH_SEARCH_PATHS = "$(inherited) @executable_path/Frameworks";
				PRODUCT_NAME = "$(TARGET_NAME)";
			};
			name = Debug;
		};
		00D0C8F21B67DFEC00823D22 /* Release */ = {
			isa = XCBuildConfiguration;
			buildSettings = {
				ASSETCATALOG_COMPILER_APPICON_NAME = AppIcon;
				INFOPLIST_FILE = knapsack/Info.plist;
				LD_RUNPATH_SEARCH_PATHS = "$(inherited) @executable_path/Frameworks";
				PRODUCT_NAME = "$(TARGET_NAME)";
			};
			name = Release;
		};
		00D0C8F41B67DFEC00823D22 /* Debug */ = {
			isa = XCBuildConfiguration;
			buildSettings = {
				BUNDLE_LOADER = "$(TEST_HOST)";
				FRAMEWORK_SEARCH_PATHS = (
					"$(SDKROOT)/Developer/Library/Frameworks",
					"$(inherited)",
				);
				GCC_PREPROCESSOR_DEFINITIONS = (
					"DEBUG=1",
					"$(inherited)",
				);
				INFOPLIST_FILE = knapsackTests/Info.plist;
				LD_RUNPATH_SEARCH_PATHS = "$(inherited) @executable_path/Frameworks @loader_path/Frameworks";
				PRODUCT_NAME = "$(TARGET_NAME)";
				TEST_HOST = "$(BUILT_PRODUCTS_DIR)/knapsack.app/knapsack";
			};
			name = Debug;
		};
		00D0C8F51B67DFEC00823D22 /* Release */ = {
			isa = XCBuildConfiguration;
			buildSettings = {
				BUNDLE_LOADER = "$(TEST_HOST)";
				FRAMEWORK_SEARCH_PATHS = (
					"$(SDKROOT)/Developer/Library/Frameworks",
					"$(inherited)",
				);
				INFOPLIST_FILE = knapsackTests/Info.plist;
				LD_RUNPATH_SEARCH_PATHS = "$(inherited) @executable_path/Frameworks @loader_path/Frameworks";
				PRODUCT_NAME = "$(TARGET_NAME)";
				TEST_HOST = "$(BUILT_PRODUCTS_DIR)/knapsack.app/knapsack";
			};
			name = Release;
		};
/* End XCBuildConfiguration section */

/* Begin XCConfigurationList section */
		00D0C8CC1B67DFEC00823D22 /* Build configuration list for PBXProject "knapsack" */ = {
			isa = XCConfigurationList;
			buildConfigurations = (
				00D0C8EE1B67DFEC00823D22 /* Debug */,
				00D0C8EF1B67DFEC00823D22 /* Release */,
			);
			defaultConfigurationIsVisible = 0;
			defaultConfigurationName = Release;
		};
		00D0C8F01B67DFEC00823D22 /* Build configuration list for PBXNativeTarget "knapsack" */ = {
			isa = XCConfigurationList;
			buildConfigurations = (
				00D0C8F11B67DFEC00823D22 /* Debug */,
				00D0C8F21B67DFEC00823D22 /* Release */,
			);
			defaultConfigurationIsVisible = 0;
		};
		00D0C8F31B67DFEC00823D22 /* Build configuration list for PBXNativeTarget "knapsackTests" */ = {
			isa = XCConfigurationList;
			buildConfigurations = (
				00D0C8F41B67DFEC00823D22 /* Debug */,
				00D0C8F51B67DFEC00823D22 /* Release */,
			);
			defaultConfigurationIsVisible = 0;
		};
/* End XCConfigurationList section */
	};
	rootObject = 00D0C8C91B67DFEC00823D22 /* Project object */;
}
